
Microsoft Visual Studio Solution File, Format Version 12.00
Project("{FAE04EC0-301F-11D3-BF4B-00C04F79EFBC}") = "DrawMap", "DrawMap\DrawMap.csproj", "{EE799E1E-0784-417F-9405-BDC34C26D753}"
EndProject
Global
	GlobalSection(SolutionConfigurationPlatforms) = preSolution
		Debug|Any CPU = Debug|Any CPU
		Release|Any CPU = Release|Any CPU
	EndGlobalSection
	GlobalSection(ProjectConfigurationPlatforms) = postSolution
		{EE799E1E-0784-417F-9405-BDC34C26D753}.Debug|Any CPU.ActiveCfg = Debug|Any CPU
		{EE799E1E-0784-417F-9405-BDC34C26D753}.Debug|Any CPU.Build.0 = Debug|Any CPU
		{EE799E1E-0784-417F-9405-BDC34C26D753}.Release|Any CPU.ActiveCfg = Release|Any CPU
		{EE799E1E-0784-417F-9405-BDC34C26D753}.Release|Any CPU.Build.0 = Release|Any CPU
	EndGlobalSection
EndGlobal
